{
  "name": "chat-app-react-nodejs-master",
  "lockfileVersion": 3,
  "requires": true,
  "packages": {
    "": {
      "dependencies": {
        "@multiavatar/multiavatar": "^1.0.7"
      }
    },
    "node_modules/@multiavatar/multiavatar": {
      "version": "1.0.7",
      "resolved": "https://registry.npmjs.org/@multiavatar/multiavatar/-/multiavatar-1.0.7.tgz",
      "integrity": "sha512-Yg9Uw57bmlErsWL0CSv4d6D4ZqVBE00OZmYr9MRgygoXZdboNtsEI6FbBRw1AY8l88Sm1ARcyojtlm2uwUn0Zg=="
    }
  }
}
